
Microsoft Visual Studio Solution File, Format Version 12.00
# Visual Studio Version 17
VisualStudioVersion = 17.3.32922.545
MinimumVisualStudioVersion = 10.0.40219.1
Project("{FAE04EC0-301F-11D3-BF4B-00C04F79EFBC}") = "Laborator 2", "Laborator 2\Laborator 2.csproj", "{ACECFD82-781B-4026-A8B9-E549719C07A0}"
EndProject
Global
	GlobalSection(SolutionConfigurationPlatforms) = preSolution
		Debug|Any CPU = Debug|Any CPU
		Release|Any CPU = Release|Any CPU
	EndGlobalSection
	GlobalSection(ProjectConfigurationPlatforms) = postSolution
		{ACECFD82-781B-4026-A8B9-E549719C07A0}.Debug|Any CPU.ActiveCfg = Debug|Any CPU
		{ACECFD82-781B-4026-A8B9-E549719C07A0}.Debug|Any CPU.Build.0 = Debug|Any CPU
		{ACECFD82-781B-4026-A8B9-E549719C07A0}.Release|Any CPU.ActiveCfg = Release|Any CPU
		{ACECFD82-781B-4026-A8B9-E549719C07A0}.Release|Any CPU.Build.0 = Release|Any CPU
	EndGlobalSection
	GlobalSection(SolutionProperties) = preSolution
		HideSolutionNode = FALSE
	EndGlobalSection
	GlobalSection(ExtensibilityGlobals) = postSolution
		SolutionGuid = {3CBDB839-0B91-4B28-99D8-2571758556F5}
	EndGlobalSection
EndGlobal
